
Microsoft Visual Studio Solution File, Format Version 12.00
# Visual Studio 15
VisualStudioVersion = 15.0.27428.2027
MinimumVisualStudioVersion = 10.0.40219.1
Project("{FAE04EC0-301F-11D3-BF4B-00C04F79EFBC}") = "CityInfoAPI", "CityInfoAPI\CityInfoAPI.csproj", "{21D59FC1-AA1A-434B-80DB-F4D5C36C9C0B}"
EndProject
Global
	GlobalSection(SolutionConfigurationPlatforms) = preSolution
		Debug|Any CPU = Debug|Any CPU
		Release|Any CPU = Release|Any CPU
	EndGlobalSection
	GlobalSection(ProjectConfigurationPlatforms) = postSolution
		{21D59FC1-AA1A-434B-80DB-F4D5C36C9C0B}.Debug|Any CPU.ActiveCfg = Debug|Any CPU
		{21D59FC1-AA1A-434B-80DB-F4D5C36C9C0B}.Debug|Any CPU.Build.0 = Debug|Any CPU
		{21D59FC1-AA1A-434B-80DB-F4D5C36C9C0B}.Release|Any CPU.ActiveCfg = Release|Any CPU
		{21D59FC1-AA1A-434B-80DB-F4D5C36C9C0B}.Release|Any CPU.Build.0 = Release|Any CPU
	EndGlobalSection
	GlobalSection(SolutionProperties) = preSolution
		HideSolutionNode = FALSE
	EndGlobalSection
	GlobalSection(ExtensibilityGlobals) = postSolution
		SolutionGuid = {D2E91B22-4B32-4A58-ABCA-A188FE291EC9}
	EndGlobalSection
EndGlobal
